github.com/joebyjo/wreck-it-ralph-hugo-theme v1.0.1 h1:lnr26CmB4T9+NtGPNo7TAIKWKEhaGJSzrc8L5/WtyLY=
github.com/joebyjo/wreck-it-ralph-hugo-theme v1.0.1/go.mod h1:dT9iuGL/qwND8ZaUds18gGn8Rjxipm2Ig3BgkRBXoc0=
github.com/joebyjo/wreck-it-ralph-hugo-theme v1.0.2 h1:E+KSf9Ae8Zgwa4JELuDeCaq6ltw1Xz3LaLojgAI/vDc=
github.com/joebyjo/wreck-it-ralph-hugo-theme v1.0.2/go.mod h1:dT9iuGL/qwND8ZaUds18gGn8Rjxipm2Ig3BgkRBXoc0=
github.com/joebyjo/wreck-it-ralph-hugo-theme v1.0.3 h1:xObrFf/+ltSTWQeBWG7Ab2groLiqAvSIJ3Zt7LTUL78=
github.com/joebyjo/wreck-it-ralph-hugo-theme v1.0.3/go.mod h1:dT9iuGL/qwND8ZaUds18gGn8Rjxipm2Ig3BgkRBXoc0=
github.com/joebyjo/wreck-it-ralph-hugo-theme v1.0.4 h1:XIheUMj2bu5L8IRCWGoSL55XrpLV5Oe5kJ36yDLzQwM=
github.com/joebyjo/wreck-it-ralph-hugo-theme v1.0.4/go.mod h1:dT9iuGL/qwND8ZaUds18gGn8Rjxipm2Ig3BgkRBXoc0=
